
Microsoft Visual Studio Solution File, Format Version 12.00
# Visual Studio Version 16
VisualStudioVersion = 16.0.31729.503
MinimumVisualStudioVersion = 10.0.40219.1
Project("{9A19103F-16F7-4668-BE54-9A1E7A4F7556}") = "Odeveler", "Odeveler\Odeveler.csproj", "{2468D4A0-AE0B-4C58-8D7D-0FC3D880114C}"
EndProject
Project("{FAE04EC0-301F-11D3-BF4B-00C04F79EFBC}") = "ClassMetotDemo", "BankaTekıpProjesi\ClassMetotDemo.csproj", "{EF230A6D-6BBE-47B6-A679-861EEAC538A1}"
EndProject
Global
	GlobalSection(SolutionConfigurationPlatforms) = preSolution
		Debug|Any CPU = Debug|Any CPU
		Release|Any CPU = Release|Any CPU
	EndGlobalSection
	GlobalSection(ProjectConfigurationPlatforms) = postSolution
		{2468D4A0-AE0B-4C58-8D7D-0FC3D880114C}.Debug|Any CPU.ActiveCfg = Debug|Any CPU
		{2468D4A0-AE0B-4C58-8D7D-0FC3D880114C}.Debug|Any CPU.Build.0 = Debug|Any CPU
		{2468D4A0-AE0B-4C58-8D7D-0FC3D880114C}.Release|Any CPU.ActiveCfg = Release|Any CPU
		{2468D4A0-AE0B-4C58-8D7D-0FC3D880114C}.Release|Any CPU.Build.0 = Release|Any CPU
		{EF230A6D-6BBE-47B6-A679-861EEAC538A1}.Debug|Any CPU.ActiveCfg = Debug|Any CPU
		{EF230A6D-6BBE-47B6-A679-861EEAC538A1}.Debug|Any CPU.Build.0 = Debug|Any CPU
		{EF230A6D-6BBE-47B6-A679-861EEAC538A1}.Release|Any CPU.ActiveCfg = Release|Any CPU
		{EF230A6D-6BBE-47B6-A679-861EEAC538A1}.Release|Any CPU.Build.0 = Release|Any CPU
	EndGlobalSection
	GlobalSection(SolutionProperties) = preSolution
		HideSolutionNode = FALSE
	EndGlobalSection
	GlobalSection(ExtensibilityGlobals) = postSolution
		SolutionGuid = {C6D37A58-565F-412E-A77F-35025170F70F}
	EndGlobalSection
EndGlobal
